// !$*UTF8*$!
{
	archiveVersion = 1;
	classes = {
	};
	objectVersion = 46;
	objects = {

/* Begin PBXBuildFile section */
		EB1E5E3E1BB2C8E5007A8C9E /* taskscheduler_service.cpp in Sources */ = {isa = PBXBuildFile; fileRef = EB1E5E3C1BB2C8E5007A8C9E /* taskscheduler_service.cpp */; };
		EB1E5E3F1BB2C8E5007A8C9E /* taskscheduler_service.cpp in Sources */ = {isa = PBXBuildFile; fileRef = EB1E5E3C1BB2C8E5007A8C9E /* taskscheduler_service.cpp */; };
		EB22EE251DCA21A3001E5328 /* slide_menu.cpp in Sources */ = {isa = PBXBuildFile; fileRef = EB22EE221DCA21A3001E5328 /* slide_menu.cpp */; };
		EB30DDF11C493ECF00B01597 /* clip_label.cpp in Sources */ = {isa = PBXBuildFile; fileRef = EB30DDEF1C493ECF00B01597 /* clip_label.cpp */; };
		EB30DDF21C493ECF00B01597 /* clip_label.cpp in Sources */ = {isa = PBXBuildFile; fileRef = EB30DDEF1C493ECF00B01597 /* clip_label.cpp */; };
		EB4A5F341C6536FD00C8E4CE /* http_image_control.cpp in Sources */ = {isa = PBXBuildFile; fileRef = EB4A5F321C6536FD00C8E4CE /* http_image_control.cpp */; };
		EB4A5F351C6536FD00C8E4CE /* http_image_control.cpp in Sources */ = {isa = PBXBuildFile; fileRef = EB4A5F321C6536FD00C8E4CE /* http_image_control.cpp */; };
		EB4F764E1DC3D766001139D4 /* game_advanced.cpp in Sources */ = {isa = PBXBuildFile; fileRef = EB4F764C1DC3D766001139D4 /* game_advanced.cpp */; };
		EB4F76581DC3D7AE001139D4 /* archive.cpp in Sources */ = {isa = PBXBuildFile; fileRef = EB4F764F1DC3D7AE001139D4 /* archive.cpp */; };
		EB4F76591DC3D7AE001139D4 /* settings.cpp in Sources */ = {isa = PBXBuildFile; fileRef = EB4F76521DC3D7AE001139D4 /* settings.cpp */; };
		EB4F765A1DC3D7AE001139D4 /* variant.cpp in Sources */ = {isa = PBXBuildFile; fileRef = EB4F76551DC3D7AE001139D4 /* variant.cpp */; };
		EB4F765B1DC3D7D4001139D4 /* game_advanced.cpp in Sources */ = {isa = PBXBuildFile; fileRef = EB4F764C1DC3D766001139D4 /* game_advanced.cpp */; };
		EB53B66F1EE054BF009C89CB /* entity_manager.cpp in Sources */ = {isa = PBXBuildFile; fileRef = EB53B6691EE054BF009C89CB /* entity_manager.cpp */; };
		EB53B6701EE054BF009C89CB /* entity.cpp in Sources */ = {isa = PBXBuildFile; fileRef = EB53B66C1EE054BF009C89CB /* entity.cpp */; };
		EB54ED6B1E1A518000ADBB86 /* socket_stream.cpp in Sources */ = {isa = PBXBuildFile; fileRef = EB54ED691E1A518000ADBB86 /* socket_stream.cpp */; };
		EB7790251B75147500E1DDB2 /* dial_button.cpp in Sources */ = {isa = PBXBuildFile; fileRef = EB7790211B75147500E1DDB2 /* dial_button.cpp */; };
		EB7790261B75147500E1DDB2 /* dial_button.cpp in Sources */ = {isa = PBXBuildFile; fileRef = EB7790211B75147500E1DDB2 /* dial_button.cpp */; };
		EB7790271B75147500E1DDB2 /* expanded_tab.cpp in Sources */ = {isa = PBXBuildFile; fileRef = EB7790231B75147500E1DDB2 /* expanded_tab.cpp */; };
		EB7790281B75147500E1DDB2 /* expanded_tab.cpp in Sources */ = {isa = PBXBuildFile; fileRef = EB7790231B75147500E1DDB2 /* expanded_tab.cpp */; };
		EB7991301B70C63F00A30C9F /* debug_service.cpp in Sources */ = {isa = PBXBuildFile; fileRef = EB9F812A1AAB25CD00839018 /* debug_service.cpp */; };
		EB7991311B70C63F00A30C9F /* httprequest_service.cpp in Sources */ = {isa = PBXBuildFile; fileRef = EBD4BEDA1B45A0C0001AA0D6 /* httprequest_service.cpp */; };
		EB7991321B70C63F00A30C9F /* singleton.cpp in Sources */ = {isa = PBXBuildFile; fileRef = EB9F81421AAB25CD00839018 /* singleton.cpp */; };
		EB7991331B70C63F00A30C9F /* service_manager.cpp in Sources */ = {isa = PBXBuildFile; fileRef = EB9F81321AAB25CD00839018 /* service_manager.cpp */; };
		EB7991341B70C63F00A30C9F /* particle_system.cpp in Sources */ = {isa = PBXBuildFile; fileRef = EB9F81271AAB25CD00839018 /* particle_system.cpp */; };
		EB7991351B70C63F00A30C9F /* render_service.cpp in Sources */ = {isa = PBXBuildFile; fileRef = EB9F812E1AAB25CD00839018 /* render_service.cpp */; };
		EB7991361B70C63F00A30C9F /* asset.cpp in Sources */ = {isa = PBXBuildFile; fileRef = EB9F81141AAB25CD00839018 /* asset.cpp */; };
		EB7991371B70C63F00A30C9F /* utils.cpp in Sources */ = {isa = PBXBuildFile; fileRef = EB9F81441AAB25CD00839018 /* utils.cpp */; };
		EB7991381B70C63F00A30C9F /* zip_packages.cpp in Sources */ = {isa = PBXBuildFile; fileRef = EB9F811F1AAB25CD00839018 /* zip_packages.cpp */; };
		EB7991391B70C63F00A30C9F /* main.cpp in Sources */ = {isa = PBXBuildFile; fileRef = EB9F81231AAB25CD00839018 /* main.cpp */; };
		EB79913A1B70C63F00A30C9F /* storefront_service.cpp in Sources */ = {isa = PBXBuildFile; fileRef = EB9F81371AAB25CD00839018 /* storefront_service.cpp */; };
		EB79913B1B70C63F00A30C9F /* memory_stream.cpp in Sources */ = {isa = PBXBuildFile; fileRef = EB9F811B1AAB25CD00839018 /* memory_stream.cpp */; };
		EB79913C1B70C63F00A30C9F /* input_service.cpp in Sources */ = {isa = PBXBuildFile; fileRef = EB9F812C1AAB25CD00839018 /* input_service.cpp */; };
		EB79913D1B70C63F00A30C9F /* dictionary.cpp in Sources */ = {isa = PBXBuildFile; fileRef = EB9F81171AAB25CD00839018 /* dictionary.cpp */; };
		EB79913E1B70C63F00A30C9F /* profiler.cpp in Sources */ = {isa = PBXBuildFile; fileRef = EB9F813F1AAB25CD00839018 /* profiler.cpp */; };
		EB79913F1B70C63F00A30C9F /* gameplay_assets.cpp in Sources */ = {isa = PBXBuildFile; fileRef = EB9F81191AAB25CD00839018 /* gameplay_assets.cpp */; };
		EB7991401B70C63F00A30C9F /* tracker_service.cpp in Sources */ = {isa = PBXBuildFile; fileRef = EB9F81391AAB25CD00839018 /* tracker_service.cpp */; };
		EB7991411B70C63F00A30C9F /* taskqueue_service.cpp in Sources */ = {isa = PBXBuildFile; fileRef = EBD4BEDC1B45A0C0001AA0D6 /* taskqueue_service.cpp */; };
		EB7991421B70C63F00A30C9F /* zip_stream.cpp in Sources */ = {isa = PBXBuildFile; fileRef = EB9F81211AAB25CD00839018 /* zip_stream.cpp */; };
		EB7991431B70C63F00A30C9F /* service.cpp in Sources */ = {isa = PBXBuildFile; fileRef = EB9F81301AAB25CD00839018 /* service.cpp */; };
		EB7991451B70C63F00A30C9F /* social_service.cpp in Sources */ = {isa = PBXBuildFile; fileRef = EB9F81351AAB25CD00839018 /* social_service.cpp */; };
		EB7991461B70C63F00A30C9F /* pch.cpp in Sources */ = {isa = PBXBuildFile; fileRef = EB9F810F1AAB21EE00839018 /* pch.cpp */; };
		EB7D1E0F1DC4DA400051B0F6 /* iRate.m in Sources */ = {isa = PBXBuildFile; fileRef = EB7D1E0E1DC4DA400051B0F6 /* iRate.m */; settings = {COMPILER_FLAGS = "-fobjc-arc"; }; };
		EB9F81111AAB21EE00839018 /* pch.cpp in Sources */ = {isa = PBXBuildFile; fileRef = EB9F810F1AAB21EE00839018 /* pch.cpp */; };
		EB9F81461AAB25CD00839018 /* asset.cpp in Sources */ = {isa = PBXBuildFile; fileRef = EB9F81141AAB25CD00839018 /* asset.cpp */; };
		EB9F81471AAB25CD00839018 /* dictionary.cpp in Sources */ = {isa = PBXBuildFile; fileRef = EB9F81171AAB25CD00839018 /* dictionary.cpp */; };
		EB9F81481AAB25CD00839018 /* gameplay_assets.cpp in Sources */ = {isa = PBXBuildFile; fileRef = EB9F81191AAB25CD00839018 /* gameplay_assets.cpp */; };
		EB9F81491AAB25CD00839018 /* memory_stream.cpp in Sources */ = {isa = PBXBuildFile; fileRef = EB9F811B1AAB25CD00839018 /* memory_stream.cpp */; };
		EB9F814B1AAB25CD00839018 /* zip_packages.cpp in Sources */ = {isa = PBXBuildFile; fileRef = EB9F811F1AAB25CD00839018 /* zip_packages.cpp */; };
		EB9F814C1AAB25CD00839018 /* zip_stream.cpp in Sources */ = {isa = PBXBuildFile; fileRef = EB9F81211AAB25CD00839018 /* zip_stream.cpp */; };
		EB9F814D1AAB25CD00839018 /* main.cpp in Sources */ = {isa = PBXBuildFile; fileRef = EB9F81231AAB25CD00839018 /* main.cpp */; };
		EB9F814E1AAB25CD00839018 /* particle_system.cpp in Sources */ = {isa = PBXBuildFile; fileRef = EB9F81271AAB25CD00839018 /* particle_system.cpp */; };
		EB9F814F1AAB25CD00839018 /* debug_service.cpp in Sources */ = {isa = PBXBuildFile; fileRef = EB9F812A1AAB25CD00839018 /* debug_service.cpp */; };
		EB9F81501AAB25CD00839018 /* input_service.cpp in Sources */ = {isa = PBXBuildFile; fileRef = EB9F812C1AAB25CD00839018 /* input_service.cpp */; };
		EB9F81511AAB25CD00839018 /* render_service.cpp in Sources */ = {isa = PBXBuildFile; fileRef = EB9F812E1AAB25CD00839018 /* render_service.cpp */; };
		EB9F81521AAB25CD00839018 /* service.cpp in Sources */ = {isa = PBXBuildFile; fileRef = EB9F81301AAB25CD00839018 /* service.cpp */; };
		EB9F81531AAB25CD00839018 /* service_manager.cpp in Sources */ = {isa = PBXBuildFile; fileRef = EB9F81321AAB25CD00839018 /* service_manager.cpp */; };
		EB9F81541AAB25CD00839018 /* social_service.cpp in Sources */ = {isa = PBXBuildFile; fileRef = EB9F81351AAB25CD00839018 /* social_service.cpp */; };
		EB9F81551AAB25CD00839018 /* storefront_service.cpp in Sources */ = {isa = PBXBuildFile; fileRef = EB9F81371AAB25CD00839018 /* storefront_service.cpp */; };
		EB9F81561AAB25CD00839018 /* tracker_service.cpp in Sources */ = {isa = PBXBuildFile; fileRef = EB9F81391AAB25CD00839018 /* tracker_service.cpp */; };
		EB9F81571AAB25CD00839018 /* profiler.cpp in Sources */ = {isa = PBXBuildFile; fileRef = EB9F813F1AAB25CD00839018 /* profiler.cpp */; };
		EB9F81581AAB25CD00839018 /* singleton.cpp in Sources */ = {isa = PBXBuildFile; fileRef = EB9F81421AAB25CD00839018 /* singleton.cpp */; };
		EB9F81591AAB25CD00839018 /* utils.cpp in Sources */ = {isa = PBXBuildFile; fileRef = EB9F81441AAB25CD00839018 /* utils.cpp */; };
		EBC5B34B1B77C8FE008076C1 /* control_event_handler.cpp in Sources */ = {isa = PBXBuildFile; fileRef = EBC5B3491B77C8FE008076C1 /* control_event_handler.cpp */; };
		EBC5B34C1B77C8FE008076C1 /* control_event_handler.cpp in Sources */ = {isa = PBXBuildFile; fileRef = EBC5B3491B77C8FE008076C1 /* control_event_handler.cpp */; };
		EBC66C9C1C3B1E2F006AABBA /* carousel.cpp in Sources */ = {isa = PBXBuildFile; fileRef = EBC66C9A1C3B1E2F006AABBA /* carousel.cpp */; };
		EBC66C9D1C3B1E2F006AABBA /* carousel.cpp in Sources */ = {isa = PBXBuildFile; fileRef = EBC66C9A1C3B1E2F006AABBA /* carousel.cpp */; };
		EBD4BEDE1B45A0C0001AA0D6 /* httprequest_service.cpp in Sources */ = {isa = PBXBuildFile; fileRef = EBD4BEDA1B45A0C0001AA0D6 /* httprequest_service.cpp */; };
		EBD4BEDF1B45A0C0001AA0D6 /* taskqueue_service.cpp in Sources */ = {isa = PBXBuildFile; fileRef = EBD4BEDC1B45A0C0001AA0D6 /* taskqueue_service.cpp */; };
		EBF71FB81F8385890059FA9F /* idb_stream.cpp in Sources */ = {isa = PBXBuildFile; fileRef = EBF71FB61F8385890059FA9F /* idb_stream.cpp */; };
		EBFD5F732D6DB4C800D28100 /* run_on_change.cpp in Sources */ = {isa = PBXBuildFile; fileRef = EBFD5F712D6DB4C700D28100 /* run_on_change.cpp */; };
/* End PBXBuildFile section */

/* Begin PBXCopyFilesBuildPhase section */
		EB7991481B70C63F00A30C9F /* CopyFiles */ = {
			isa = PBXCopyFilesBuildPhase;
			buildActionMask = 2147483647;
			dstPath = "include/$(PRODUCT_NAME)";
			dstSubfolderSpec = 16;
			files = (
			);
			runOnlyForDeploymentPostprocessing = 0;
		};
		EB9F80F31AAB21BC00839018 /* CopyFiles */ = {
			isa = PBXCopyFilesBuildPhase;
			buildActionMask = 2147483647;
			dstPath = "include/$(PRODUCT_NAME)";
			dstSubfolderSpec = 16;
			files = (
			);
			runOnlyForDeploymentPostprocessing = 0;
		};
/* End PBXCopyFilesBuildPhase section */

/* Begin PBXFileReference section */
		EB1E5E3C1BB2C8E5007A8C9E /* taskscheduler_service.cpp */ = {isa = PBXFileReference; fileEncoding = 4; lastKnownFileType = sourcecode.cpp.cpp; path = taskscheduler_service.cpp; sourceTree = "<group>"; };
		EB1E5E3D1BB2C8E5007A8C9E /* taskscheduler_service.h */ = {isa = PBXFileReference; fileEncoding = 4; lastKnownFileType = sourcecode.c.h; path = taskscheduler_service.h; sourceTree = "<group>"; };
		EB22EE221DCA21A3001E5328 /* slide_menu.cpp */ = {isa = PBXFileReference; fileEncoding = 4; lastKnownFileType = sourcecode.cpp.cpp; name = slide_menu.cpp; path = ui/slide_menu.cpp; sourceTree = "<group>"; };
		EB22EE231DCA21A3001E5328 /* slide_menu.h */ = {isa = PBXFileReference; fileEncoding = 4; lastKnownFileType = sourcecode.c.h; name = slide_menu.h; path = ui/slide_menu.h; sourceTree = "<group>"; };
		EB22EE241DCA21A3001E5328 /* slide_menu.inl */ = {isa = PBXFileReference; fileEncoding = 4; lastKnownFileType = text; name = slide_menu.inl; path = ui/slide_menu.inl; sourceTree = "<group>"; };
		EB30DDEF1C493ECF00B01597 /* clip_label.cpp */ = {isa = PBXFileReference; fileEncoding = 4; lastKnownFileType = sourcecode.cpp.cpp; name = clip_label.cpp; path = ui/clip_label.cpp; sourceTree = "<group>"; };
		EB30DDF01C493ECF00B01597 /* clip_label.h */ = {isa = PBXFileReference; fileEncoding = 4; lastKnownFileType = sourcecode.c.h; name = clip_label.h; path = ui/clip_label.h; sourceTree = "<group>"; };
		EB4A5F321C6536FD00C8E4CE /* http_image_control.cpp */ = {isa = PBXFileReference; fileEncoding = 4; lastKnownFileType = sourcecode.cpp.cpp; name = http_image_control.cpp; path = ui/http_image_control.cpp; sourceTree = "<group>"; };
		EB4A5F331C6536FD00C8E4CE /* http_image_control.h */ = {isa = PBXFileReference; fileEncoding = 4; lastKnownFileType = sourcecode.c.h; name = http_image_control.h; path = ui/http_image_control.h; sourceTree = "<group>"; };
		EB4F764C1DC3D766001139D4 /* game_advanced.cpp */ = {isa = PBXFileReference; explicitFileType = sourcecode.cpp.objcpp; fileEncoding = 4; path = game_advanced.cpp; sourceTree = "<group>"; };
		EB4F764D1DC3D766001139D4 /* game_advanced.h */ = {isa = PBXFileReference; fileEncoding = 4; lastKnownFileType = sourcecode.c.h; path = game_advanced.h; sourceTree = "<group>"; };
		EB4F764F1DC3D7AE001139D4 /* archive.cpp */ = {isa = PBXFileReference; fileEncoding = 4; lastKnownFileType = sourcecode.cpp.cpp; path = archive.cpp; sourceTree = "<group>"; };
		EB4F76501DC3D7AE001139D4 /* archive.h */ = {isa = PBXFileReference; fileEncoding = 4; lastKnownFileType = sourcecode.c.h; path = archive.h; sourceTree = "<group>"; };
		EB4F76511DC3D7AE001139D4 /* archive.inl */ = {isa = PBXFileReference; fileEncoding = 4; lastKnownFileType = text; path = archive.inl; sourceTree = "<group>"; };
		EB4F76521DC3D7AE001139D4 /* settings.cpp */ = {isa = PBXFileReference; fileEncoding = 4; lastKnownFileType = sourcecode.cpp.cpp; path = settings.cpp; sourceTree = "<group>"; };
		EB4F76531DC3D7AE001139D4 /* settings.h */ = {isa = PBXFileReference; fileEncoding = 4; lastKnownFileType = sourcecode.c.h; path = settings.h; sourceTree = "<group>"; };
		EB4F76541DC3D7AE001139D4 /* settings.inl */ = {isa = PBXFileReference; fileEncoding = 4; lastKnownFileType = text; path = settings.inl; sourceTree = "<group>"; };
		EB4F76551DC3D7AE001139D4 /* variant.cpp */ = {isa = PBXFileReference; fileEncoding = 4; lastKnownFileType = sourcecode.cpp.cpp; path = variant.cpp; sourceTree = "<group>"; };
		EB4F76561DC3D7AE001139D4 /* variant.h */ = {isa = PBXFileReference; fileEncoding = 4; lastKnownFileType = sourcecode.c.h; path = variant.h; sourceTree = "<group>"; };
		EB4F76571DC3D7AE001139D4 /* variant.inl */ = {isa = PBXFileReference; fileEncoding = 4; lastKnownFileType = text; path = variant.inl; sourceTree = "<group>"; };
		EB53B6691EE054BF009C89CB /* entity_manager.cpp */ = {isa = PBXFileReference; fileEncoding = 4; lastKnownFileType = sourcecode.cpp.cpp; name = entity_manager.cpp; path = entity/entity_manager.cpp; sourceTree = "<group>"; };
		EB53B66A1EE054BF009C89CB /* entity_manager.h */ = {isa = PBXFileReference; fileEncoding = 4; lastKnownFileType = sourcecode.c.h; name = entity_manager.h; path = entity/entity_manager.h; sourceTree = "<group>"; };
		EB53B66B1EE054BF009C89CB /* entity_manager.inl */ = {isa = PBXFileReference; fileEncoding = 4; lastKnownFileType = text; name = entity_manager.inl; path = entity/entity_manager.inl; sourceTree = "<group>"; };
		EB53B66C1EE054BF009C89CB /* entity.cpp */ = {isa = PBXFileReference; fileEncoding = 4; lastKnownFileType = sourcecode.cpp.cpp; name = entity.cpp; path = entity/entity.cpp; sourceTree = "<group>"; };
		EB53B66D1EE054BF009C89CB /* entity.h */ = {isa = PBXFileReference; fileEncoding = 4; lastKnownFileType = sourcecode.c.h; name = entity.h; path = entity/entity.h; sourceTree = "<group>"; };
		EB53B66E1EE054BF009C89CB /* entity.inl */ = {isa = PBXFileReference; fileEncoding = 4; lastKnownFileType = text; name = entity.inl; path = entity/entity.inl; sourceTree = "<group>"; };
		EB54ED691E1A518000ADBB86 /* socket_stream.cpp */ = {isa = PBXFileReference; fileEncoding = 4; lastKnownFileType = sourcecode.cpp.cpp; path = socket_stream.cpp; sourceTree = "<group>"; };
		EB54ED6A1E1A518000ADBB86 /* socket_stream.h */ = {isa = PBXFileReference; fileEncoding = 4; lastKnownFileType = sourcecode.c.h; path = socket_stream.h; sourceTree = "<group>"; };
		EB67C14E1BC98E3800E2C762 /* checked.h */ = {isa = PBXFileReference; fileEncoding = 4; lastKnownFileType = sourcecode.c.h; path = checked.h; sourceTree = "<group>"; };
		EB67C14F1BC98E3800E2C762 /* core.h */ = {isa = PBXFileReference; fileEncoding = 4; lastKnownFileType = sourcecode.c.h; path = core.h; sourceTree = "<group>"; };
		EB67C1501BC98E3800E2C762 /* unchecked.h */ = {isa = PBXFileReference; fileEncoding = 4; lastKnownFileType = sourcecode.c.h; path = unchecked.h; sourceTree = "<group>"; };
		EB67C1511BC98E3800E2C762 /* utf8.h */ = {isa = PBXFileReference; fileEncoding = 4; lastKnownFileType = sourcecode.c.h; path = utf8.h; sourceTree = "<group>"; };
		EB7790211B75147500E1DDB2 /* dial_button.cpp */ = {isa = PBXFileReference; fileEncoding = 4; lastKnownFileType = sourcecode.cpp.cpp; name = dial_button.cpp; path = ui/dial_button.cpp; sourceTree = "<group>"; };
		EB7790221B75147500E1DDB2 /* dial_button.h */ = {isa = PBXFileReference; fileEncoding = 4; lastKnownFileType = sourcecode.c.h; name = dial_button.h; path = ui/dial_button.h; sourceTree = "<group>"; };
		EB7790231B75147500E1DDB2 /* expanded_tab.cpp */ = {isa = PBXFileReference; fileEncoding = 4; lastKnownFileType = sourcecode.cpp.cpp; name = expanded_tab.cpp; path = ui/expanded_tab.cpp; sourceTree = "<group>"; };
		EB7790241B75147500E1DDB2 /* expanded_tab.h */ = {isa = PBXFileReference; fileEncoding = 4; lastKnownFileType = sourcecode.c.h; name = expanded_tab.h; path = ui/expanded_tab.h; sourceTree = "<group>"; };
		EB79914C1B70C63F00A30C9F /* libdfg-gameplay-mac.a */ = {isa = PBXFileReference; explicitFileType = archive.ar; includeInIndex = 0; path = "libdfg-gameplay-mac.a"; sourceTree = BUILT_PRODUCTS_DIR; };
		EB7D1E0C1DC4DA400051B0F6 /* iRate.bundle */ = {isa = PBXFileReference; lastKnownFileType = "wrapper.plug-in"; path = iRate.bundle; sourceTree = "<group>"; };
		EB7D1E0D1DC4DA400051B0F6 /* iRate.h */ = {isa = PBXFileReference; fileEncoding = 4; lastKnownFileType = sourcecode.c.h; path = iRate.h; sourceTree = "<group>"; };
		EB7D1E0E1DC4DA400051B0F6 /* iRate.m */ = {isa = PBXFileReference; fileEncoding = 4; lastKnownFileType = sourcecode.c.objc; path = iRate.m; sourceTree = "<group>"; };
		EB9F80F51AAB21BD00839018 /* libdfg-gameplay-ios.a */ = {isa = PBXFileReference; explicitFileType = archive.ar; includeInIndex = 0; path = "libdfg-gameplay-ios.a"; sourceTree = BUILT_PRODUCTS_DIR; };
		EB9F810E1AAB21EE00839018 /* dfg_include.h */ = {isa = PBXFileReference; fileEncoding = 4; lastKnownFileType = sourcecode.c.h; name = dfg_include.h; path = ../dfg_include.h; sourceTree = "<group>"; };
		EB9F810F1AAB21EE00839018 /* pch.cpp */ = {isa = PBXFileReference; fileEncoding = 4; lastKnownFileType = sourcecode.cpp.cpp; name = pch.cpp; path = ../pch.cpp; sourceTree = "<group>"; };
		EB9F81101AAB21EE00839018 /* pch.h */ = {isa = PBXFileReference; fileEncoding = 4; lastKnownFileType = sourcecode.c.h; name = pch.h; path = ../pch.h; sourceTree = "<group>"; };
		EB9F81141AAB25CD00839018 /* asset.cpp */ = {isa = PBXFileReference; fileEncoding = 4; lastKnownFileType = sourcecode.cpp.cpp; path = asset.cpp; sourceTree = "<group>"; };
		EB9F81151AAB25CD00839018 /* asset.h */ = {isa = PBXFileReference; fileEncoding = 4; lastKnownFileType = sourcecode.c.h; path = asset.h; sourceTree = "<group>"; };
		EB9F81161AAB25CD00839018 /* cache.h */ = {isa = PBXFileReference; fileEncoding = 4; lastKnownFileType = sourcecode.c.h; path = cache.h; sourceTree = "<group>"; };
		EB9F81171AAB25CD00839018 /* dictionary.cpp */ = {isa = PBXFileReference; fileEncoding = 4; lastKnownFileType = sourcecode.cpp.cpp; path = dictionary.cpp; sourceTree = "<group>"; };
		EB9F81181AAB25CD00839018 /* dictionary.h */ = {isa = PBXFileReference; fileEncoding = 4; lastKnownFileType = sourcecode.c.h; path = dictionary.h; sourceTree = "<group>"; };
		EB9F81191AAB25CD00839018 /* gameplay_assets.cpp */ = {isa = PBXFileReference; fileEncoding = 4; lastKnownFileType = sourcecode.cpp.cpp; path = gameplay_assets.cpp; sourceTree = "<group>"; };
		EB9F811A1AAB25CD00839018 /* gameplay_assets.h */ = {isa = PBXFileReference; fileEncoding = 4; lastKnownFileType = sourcecode.c.h; path = gameplay_assets.h; sourceTree = "<group>"; };
		EB9F811B1AAB25CD00839018 /* memory_stream.cpp */ = {isa = PBXFileReference; fileEncoding = 4; lastKnownFileType = sourcecode.cpp.cpp; path = memory_stream.cpp; sourceTree = "<group>"; };
		EB9F811C1AAB25CD00839018 /* memory_stream.h */ = {isa = PBXFileReference; fileEncoding = 4; lastKnownFileType = sourcecode.c.h; path = memory_stream.h; sourceTree = "<group>"; };
		EB9F811F1AAB25CD00839018 /* zip_packages.cpp */ = {isa = PBXFileReference; fileEncoding = 4; lastKnownFileType = sourcecode.cpp.cpp; path = zip_packages.cpp; sourceTree = "<group>"; };
		EB9F81201AAB25CD00839018 /* zip_packages.h */ = {isa = PBXFileReference; fileEncoding = 4; lastKnownFileType = sourcecode.c.h; path = zip_packages.h; sourceTree = "<group>"; };
		EB9F81211AAB25CD00839018 /* zip_stream.cpp */ = {isa = PBXFileReference; fileEncoding = 4; lastKnownFileType = sourcecode.cpp.cpp; path = zip_stream.cpp; sourceTree = "<group>"; };
		EB9F81221AAB25CD00839018 /* zip_stream.h */ = {isa = PBXFileReference; fileEncoding = 4; lastKnownFileType = sourcecode.c.h; path = zip_stream.h; sourceTree = "<group>"; };
		EB9F81231AAB25CD00839018 /* main.cpp */ = {isa = PBXFileReference; explicitFileType = sourcecode.cpp.objcpp; fileEncoding = 4; path = main.cpp; sourceTree = "<group>"; };
		EB9F81241AAB25CD00839018 /* main.h */ = {isa = PBXFileReference; fileEncoding = 4; lastKnownFileType = sourcecode.c.h; path = main.h; sourceTree = "<group>"; };
		EB9F81261AAB25CD00839018 /* mem_fn_render_click.h */ = {isa = PBXFileReference; fileEncoding = 4; lastKnownFileType = sourcecode.c.h; path = mem_fn_render_click.h; sourceTree = "<group>"; };
		EB9F81271AAB25CD00839018 /* particle_system.cpp */ = {isa = PBXFileReference; fileEncoding = 4; lastKnownFileType = sourcecode.cpp.cpp; path = particle_system.cpp; sourceTree = "<group>"; };
		EB9F81281AAB25CD00839018 /* particle_system.h */ = {isa = PBXFileReference; fileEncoding = 4; lastKnownFileType = sourcecode.c.h; path = particle_system.h; sourceTree = "<group>"; };
		EB9F812A1AAB25CD00839018 /* debug_service.cpp */ = {isa = PBXFileReference; fileEncoding = 4; lastKnownFileType = sourcecode.cpp.cpp; path = debug_service.cpp; sourceTree = "<group>"; };
		EB9F812B1AAB25CD00839018 /* debug_service.h */ = {isa = PBXFileReference; fileEncoding = 4; lastKnownFileType = sourcecode.c.h; path = debug_service.h; sourceTree = "<group>"; };
		EB9F812C1AAB25CD00839018 /* input_service.cpp */ = {isa = PBXFileReference; fileEncoding = 4; lastKnownFileType = sourcecode.cpp.cpp; path = input_service.cpp; sourceTree = "<group>"; };
		EB9F812D1AAB25CD00839018 /* input_service.h */ = {isa = PBXFileReference; fileEncoding = 4; lastKnownFileType = sourcecode.c.h; path = input_service.h; sourceTree = "<group>"; };
		EB9F812E1AAB25CD00839018 /* render_service.cpp */ = {isa = PBXFileReference; fileEncoding = 4; lastKnownFileType = sourcecode.cpp.cpp; path = render_service.cpp; sourceTree = "<group>"; };
		EB9F812F1AAB25CD00839018 /* render_service.h */ = {isa = PBXFileReference; fileEncoding = 4; lastKnownFileType = sourcecode.c.h; path = render_service.h; sourceTree = "<group>"; };
		EB9F81301AAB25CD00839018 /* service.cpp */ = {isa = PBXFileReference; fileEncoding = 4; lastKnownFileType = sourcecode.cpp.cpp; path = service.cpp; sourceTree = "<group>"; };
		EB9F81311AAB25CD00839018 /* service.h */ = {isa = PBXFileReference; fileEncoding = 4; lastKnownFileType = sourcecode.c.h; path = service.h; sourceTree = "<group>"; };
		EB9F81321AAB25CD00839018 /* service_manager.cpp */ = {isa = PBXFileReference; fileEncoding = 4; lastKnownFileType = sourcecode.cpp.cpp; path = service_manager.cpp; sourceTree = "<group>"; };
		EB9F81331AAB25CD00839018 /* service_manager.h */ = {isa = PBXFileReference; fileEncoding = 4; lastKnownFileType = sourcecode.c.h; path = service_manager.h; sourceTree = "<group>"; };
		EB9F81341AAB25CD00839018 /* signals.h */ = {isa = PBXFileReference; fileEncoding = 4; lastKnownFileType = sourcecode.c.h; path = signals.h; sourceTree = "<group>"; };
		EB9F81351AAB25CD00839018 /* social_service.cpp */ = {isa = PBXFileReference; fileEncoding = 4; lastKnownFileType = sourcecode.cpp.cpp; path = social_service.cpp; sourceTree = "<group>"; };
		EB9F81361AAB25CD00839018 /* social_service.h */ = {isa = PBXFileReference; fileEncoding = 4; lastKnownFileType = sourcecode.c.h; path = social_service.h; sourceTree = "<group>"; };
		EB9F81371AAB25CD00839018 /* storefront_service.cpp */ = {isa = PBXFileReference; fileEncoding = 4; lastKnownFileType = sourcecode.cpp.cpp; path = storefront_service.cpp; sourceTree = "<group>"; };
		EB9F81381AAB25CD00839018 /* storefront_service.h */ = {isa = PBXFileReference; fileEncoding = 4; lastKnownFileType = sourcecode.c.h; path = storefront_service.h; sourceTree = "<group>"; };
		EB9F81391AAB25CD00839018 /* tracker_service.cpp */ = {isa = PBXFileReference; fileEncoding = 4; lastKnownFileType = sourcecode.cpp.cpp; path = tracker_service.cpp; sourceTree = "<group>"; };
		EB9F813A1AAB25CD00839018 /* tracker_service.h */ = {isa = PBXFileReference; fileEncoding = 4; lastKnownFileType = sourcecode.c.h; path = tracker_service.h; sourceTree = "<group>"; };
		EB9F813C1AAB25CD00839018 /* curve.h */ = {isa = PBXFileReference; fileEncoding = 4; lastKnownFileType = sourcecode.c.h; path = curve.h; sourceTree = "<group>"; };
		EB9F813D1AAB25CD00839018 /* noncopyable.h */ = {isa = PBXFileReference; fileEncoding = 4; lastKnownFileType = sourcecode.c.h; path = noncopyable.h; sourceTree = "<group>"; };
		EB9F813E1AAB25CD00839018 /* priority_signal.h */ = {isa = PBXFileReference; fileEncoding = 4; lastKnownFileType = sourcecode.c.h; path = priority_signal.h; sourceTree = "<group>"; };
		EB9F813F1AAB25CD00839018 /* profiler.cpp */ = {isa = PBXFileReference; fileEncoding = 4; lastKnownFileType = sourcecode.cpp.cpp; path = profiler.cpp; sourceTree = "<group>"; };
		EB9F81401AAB25CD00839018 /* profiler.h */ = {isa = PBXFileReference; fileEncoding = 4; lastKnownFileType = sourcecode.c.h; path = profiler.h; sourceTree = "<group>"; };
		EB9F81411AAB25CD00839018 /* ref_ptr.h */ = {isa = PBXFileReference; fileEncoding = 4; lastKnownFileType = sourcecode.c.h; path = ref_ptr.h; sourceTree = "<group>"; };
		EB9F81421AAB25CD00839018 /* singleton.cpp */ = {isa = PBXFileReference; fileEncoding = 4; lastKnownFileType = sourcecode.cpp.cpp; path = singleton.cpp; sourceTree = "<group>"; };
		EB9F81431AAB25CD00839018 /* singleton.h */ = {isa = PBXFileReference; fileEncoding = 4; lastKnownFileType = sourcecode.c.h; path = singleton.h; sourceTree = "<group>"; };
		EB9F81441AAB25CD00839018 /* utils.cpp */ = {isa = PBXFileReference; fileEncoding = 4; lastKnownFileType = sourcecode.cpp.cpp; path = utils.cpp; sourceTree = "<group>"; };
		EB9F81451AAB25CD00839018 /* utils.h */ = {isa = PBXFileReference; fileEncoding = 4; lastKnownFileType = sourcecode.c.h; path = utils.h; sourceTree = "<group>"; };
		EBC5B3491B77C8FE008076C1 /* control_event_handler.cpp */ = {isa = PBXFileReference; fileEncoding = 4; lastKnownFileType = sourcecode.cpp.cpp; name = control_event_handler.cpp; path = ui/control_event_handler.cpp; sourceTree = "<group>"; };
		EBC5B34A1B77C8FE008076C1 /* control_event_handler.h */ = {isa = PBXFileReference; fileEncoding = 4; lastKnownFileType = sourcecode.c.h; name = control_event_handler.h; path = ui/control_event_handler.h; sourceTree = "<group>"; };
		EBC66C9A1C3B1E2F006AABBA /* carousel.cpp */ = {isa = PBXFileReference; fileEncoding = 4; lastKnownFileType = sourcecode.cpp.cpp; name = carousel.cpp; path = ui/carousel.cpp; sourceTree = "<group>"; };
		EBC66C9B1C3B1E2F006AABBA /* carousel.h */ = {isa = PBXFileReference; fileEncoding = 4; lastKnownFileType = sourcecode.c.h; name = carousel.h; path = ui/carousel.h; sourceTree = "<group>"; };
		EBD4BEDA1B45A0C0001AA0D6 /* httprequest_service.cpp */ = {isa = PBXFileReference; fileEncoding = 4; lastKnownFileType = sourcecode.cpp.cpp; path = httprequest_service.cpp; sourceTree = "<group>"; };
		EBD4BEDB1B45A0C0001AA0D6 /* httprequest_service.h */ = {isa = PBXFileReference; fileEncoding = 4; lastKnownFileType = sourcecode.c.h; path = httprequest_service.h; sourceTree = "<group>"; };
		EBD4BEDC1B45A0C0001AA0D6 /* taskqueue_service.cpp */ = {isa = PBXFileReference; fileEncoding = 4; lastKnownFileType = sourcecode.cpp.cpp; path = taskqueue_service.cpp; sourceTree = "<group>"; };
		EBD4BEDD1B45A0C0001AA0D6 /* taskqueue_service.h */ = {isa = PBXFileReference; fileEncoding = 4; lastKnownFileType = sourcecode.c.h; path = taskqueue_service.h; sourceTree = "<group>"; };
		EBF71FB61F8385890059FA9F /* idb_stream.cpp */ = {isa = PBXFileReference; fileEncoding = 4; lastKnownFileType = sourcecode.cpp.cpp; path = idb_stream.cpp; sourceTree = "<group>"; };
		EBF71FB71F8385890059FA9F /* idb_stream.h */ = {isa = PBXFileReference; fileEncoding = 4; lastKnownFileType = sourcecode.c.h; path = idb_stream.h; sourceTree = "<group>"; };
		EBFD5F712D6DB4C700D28100 /* run_on_change.cpp */ = {isa = PBXFileReference; fileEncoding = 4; lastKnownFileType = sourcecode.cpp.cpp; path = run_on_change.cpp; sourceTree = "<group>"; };
		EBFD5F722D6DB4C800D28100 /* run_on_change.h */ = {isa = PBXFileReference; fileEncoding = 4; lastKnownFileType = sourcecode.c.h; path = run_on_change.h; sourceTree = "<group>"; };
/* End PBXFileReference section */

/* Begin PBXFrameworksBuildPhase section */
		EB7991471B70C63F00A30C9F /* Frameworks */ = {
			isa = PBXFrameworksBuildPhase;
			buildActionMask = 2147483647;
			files = (
			);
			runOnlyForDeploymentPostprocessing = 0;
		};
		EB9F80F21AAB21BC00839018 /* Frameworks */ = {
			isa = PBXFrameworksBuildPhase;
			buildActionMask = 2147483647;
			files = (
			);
			runOnlyForDeploymentPostprocessing = 0;
		};
/* End PBXFrameworksBuildPhase section */

/* Begin PBXGroup section */
		EB53B6681EE054A4009C89CB /* entity */ = {
			isa = PBXGroup;
			children = (
				EB53B6691EE054BF009C89CB /* entity_manager.cpp */,
				EB53B66A1EE054BF009C89CB /* entity_manager.h */,
				EB53B66B1EE054BF009C89CB /* entity_manager.inl */,
				EB53B66C1EE054BF009C89CB /* entity.cpp */,
				EB53B66D1EE054BF009C89CB /* entity.h */,
				EB53B66E1EE054BF009C89CB /* entity.inl */,
			);
			name = entity;
			sourceTree = "<group>";
		};
		EB67C14D1BC98E3800E2C762 /* utf8 */ = {
			isa = PBXGroup;
			children = (
				EB67C14E1BC98E3800E2C762 /* checked.h */,
				EB67C14F1BC98E3800E2C762 /* core.h */,
				EB67C1501BC98E3800E2C762 /* unchecked.h */,
			);
			path = utf8;
			sourceTree = "<group>";
		};
		EB7790201B75145300E1DDB2 /* ui */ = {
			isa = PBXGroup;
			children = (
				EB22EE221DCA21A3001E5328 /* slide_menu.cpp */,
				EB22EE231DCA21A3001E5328 /* slide_menu.h */,
				EB22EE241DCA21A3001E5328 /* slide_menu.inl */,
				EB4A5F321C6536FD00C8E4CE /* http_image_control.cpp */,
				EB4A5F331C6536FD00C8E4CE /* http_image_control.h */,
				EB30DDEF1C493ECF00B01597 /* clip_label.cpp */,
				EB30DDF01C493ECF00B01597 /* clip_label.h */,
				EBC66C9A1C3B1E2F006AABBA /* carousel.cpp */,
				EBC66C9B1C3B1E2F006AABBA /* carousel.h */,
				EBC5B3491B77C8FE008076C1 /* control_event_handler.cpp */,
				EBC5B34A1B77C8FE008076C1 /* control_event_handler.h */,
				EB7790211B75147500E1DDB2 /* dial_button.cpp */,
				EB7790221B75147500E1DDB2 /* dial_button.h */,
				EB7790231B75147500E1DDB2 /* expanded_tab.cpp */,
				EB7790241B75147500E1DDB2 /* expanded_tab.h */,
			);
			name = ui;
			sourceTree = "<group>";
		};
		EB7D1E0B1DC4DA400051B0F6 /* iRate */ = {
			isa = PBXGroup;
			children = (
				EB7D1E0C1DC4DA400051B0F6 /* iRate.bundle */,
				EB7D1E0D1DC4DA400051B0F6 /* iRate.h */,
				EB7D1E0E1DC4DA400051B0F6 /* iRate.m */,
			);
			name = iRate;
			path = ../iRate;
			sourceTree = "<group>";
		};
		EB9F80EA1AAB211E00839018 = {
			isa = PBXGroup;
			children = (
				EB7D1E0B1DC4DA400051B0F6 /* iRate */,
				EB9F81121AAB25CD00839018 /* base */,
				EB9F810E1AAB21EE00839018 /* dfg_include.h */,
				EB9F810F1AAB21EE00839018 /* pch.cpp */,
				EB9F81101AAB21EE00839018 /* pch.h */,
				EB9F80F61AAB21BD00839018 /* Products */,
			);
			sourceTree = "<group>";
		};
		EB9F80F61AAB21BD00839018 /* Products */ = {
			isa = PBXGroup;
			children = (
				EB9F80F51AAB21BD00839018 /* libdfg-gameplay-ios.a */,
				EB79914C1B70C63F00A30C9F /* libdfg-gameplay-mac.a */,
			);
			name = Products;
			sourceTree = "<group>";
		};
		EB9F81121AAB25CD00839018 /* base */ = {
			isa = PBXGroup;
			children = (
				EB53B6681EE054A4009C89CB /* entity */,
				EB4F764C1DC3D766001139D4 /* game_advanced.cpp */,
				EB4F764D1DC3D766001139D4 /* game_advanced.h */,
				EB7790201B75145300E1DDB2 /* ui */,
				EB9F81131AAB25CD00839018 /* main */,
				EB9F81231AAB25CD00839018 /* main.cpp */,
				EB9F81241AAB25CD00839018 /* main.h */,
				EB9F81251AAB25CD00839018 /* render */,
				EB9F81291AAB25CD00839018 /* services */,
				EB9F813B1AAB25CD00839018 /* utils */,
			);
			name = base;
			path = ../base;
			sourceTree = "<group>";
		};
		EB9F81131AAB25CD00839018 /* main */ = {
			isa = PBXGroup;
			children = (
				EBF71FB61F8385890059FA9F /* idb_stream.cpp */,
				EBF71FB71F8385890059FA9F /* idb_stream.h */,
				EB54ED691E1A518000ADBB86 /* socket_stream.cpp */,
				EB54ED6A1E1A518000ADBB86 /* socket_stream.h */,
				EB4F764F1DC3D7AE001139D4 /* archive.cpp */,
				EB4F76501DC3D7AE001139D4 /* archive.h */,
				EB4F76511DC3D7AE001139D4 /* archive.inl */,
				EB4F76521DC3D7AE001139D4 /* settings.cpp */,
				EB4F76531DC3D7AE001139D4 /* settings.h */,
				EB4F76541DC3D7AE001139D4 /* settings.inl */,
				EB4F76551DC3D7AE001139D4 /* variant.cpp */,
				EB4F76561DC3D7AE001139D4 /* variant.h */,
				EB4F76571DC3D7AE001139D4 /* variant.inl */,
				EB9F81141AAB25CD00839018 /* asset.cpp */,
				EB9F81151AAB25CD00839018 /* asset.h */,
				EB9F81161AAB25CD00839018 /* cache.h */,
				EB9F81171AAB25CD00839018 /* dictionary.cpp */,
				EB9F81181AAB25CD00839018 /* dictionary.h */,
				EB9F81191AAB25CD00839018 /* gameplay_assets.cpp */,
				EB9F811A1AAB25CD00839018 /* gameplay_assets.h */,
				EB9F811B1AAB25CD00839018 /* memory_stream.cpp */,
				EB9F811C1AAB25CD00839018 /* memory_stream.h */,
				EB9F811F1AAB25CD00839018 /* zip_packages.cpp */,
				EB9F81201AAB25CD00839018 /* zip_packages.h */,
				EB9F81211AAB25CD00839018 /* zip_stream.cpp */,
				EB9F81221AAB25CD00839018 /* zip_stream.h */,
			);
			path = main;
			sourceTree = "<group>";
		};
		EB9F81251AAB25CD00839018 /* render */ = {
			isa = PBXGroup;
			children = (
				EB9F81261AAB25CD00839018 /* mem_fn_render_click.h */,
				EB9F81271AAB25CD00839018 /* particle_system.cpp */,
				EB9F81281AAB25CD00839018 /* particle_system.h */,
			);
			path = render;
			sourceTree = "<group>";
		};
		EB9F81291AAB25CD00839018 /* services */ = {
			isa = PBXGroup;
			children = (
				EB1E5E3C1BB2C8E5007A8C9E /* taskscheduler_service.cpp */,
				EB1E5E3D1BB2C8E5007A8C9E /* taskscheduler_service.h */,
				EBD4BEDA1B45A0C0001AA0D6 /* httprequest_service.cpp */,
				EBD4BEDB1B45A0C0001AA0D6 /* httprequest_service.h */,
				EBD4BEDC1B45A0C0001AA0D6 /* taskqueue_service.cpp */,
				EBD4BEDD1B45A0C0001AA0D6 /* taskqueue_service.h */,
				EB9F812A1AAB25CD00839018 /* debug_service.cpp */,
				EB9F812B1AAB25CD00839018 /* debug_service.h */,
				EB9F812C1AAB25CD00839018 /* input_service.cpp */,
				EB9F812D1AAB25CD00839018 /* input_service.h */,
				EB9F812E1AAB25CD00839018 /* render_service.cpp */,
				EB9F812F1AAB25CD00839018 /* render_service.h */,
				EB9F81301AAB25CD00839018 /* service.cpp */,
				EB9F81311AAB25CD00839018 /* service.h */,
				EB9F81321AAB25CD00839018 /* service_manager.cpp */,
				EB9F81331AAB25CD00839018 /* service_manager.h */,
				EB9F81341AAB25CD00839018 /* signals.h */,
				EB9F81351AAB25CD00839018 /* social_service.cpp */,
				EB9F81361AAB25CD00839018 /* social_service.h */,
				EB9F81371AAB25CD00839018 /* storefront_service.cpp */,
				EB9F81381AAB25CD00839018 /* storefront_service.h */,
				EB9F81391AAB25CD00839018 /* tracker_service.cpp */,
				EB9F813A1AAB25CD00839018 /* tracker_service.h */,
			);
			path = services;
			sourceTree = "<group>";
		};
		EB9F813B1AAB25CD00839018 /* utils */ = {
			isa = PBXGroup;
			children = (
				EBFD5F712D6DB4C700D28100 /* run_on_change.cpp */,
				EBFD5F722D6DB4C800D28100 /* run_on_change.h */,
				EB67C14D1BC98E3800E2C762 /* utf8 */,
				EB67C1511BC98E3800E2C762 /* utf8.h */,
				EB9F813C1AAB25CD00839018 /* curve.h */,
				EB9F813D1AAB25CD00839018 /* noncopyable.h */,
				EB9F813E1AAB25CD00839018 /* priority_signal.h */,
				EB9F813F1AAB25CD00839018 /* profiler.cpp */,
				EB9F81401AAB25CD00839018 /* profiler.h */,
				EB9F81411AAB25CD00839018 /* ref_ptr.h */,
				EB9F81421AAB25CD00839018 /* singleton.cpp */,
				EB9F81431AAB25CD00839018 /* singleton.h */,
				EB9F81441AAB25CD00839018 /* utils.cpp */,
				EB9F81451AAB25CD00839018 /* utils.h */,
			);
			path = utils;
			sourceTree = "<group>";
		};
/* End PBXGroup section */

/* Begin PBXNativeTarget section */
		EB79912E1B70C63F00A30C9F /* dfg-gameplay-mac */ = {
			isa = PBXNativeTarget;
			buildConfigurationList = EB7991491B70C63F00A30C9F /* Build configuration list for PBXNativeTarget "dfg-gameplay-mac" */;
			buildPhases = (
				EB79912F1B70C63F00A30C9F /* Sources */,
				EB7991471B70C63F00A30C9F /* Frameworks */,
				EB7991481B70C63F00A30C9F /* CopyFiles */,
			);
			buildRules = (
			);
			dependencies = (
			);
			name = "dfg-gameplay-mac";
			productName = "dfg-gameplay-ios";
			productReference = EB79914C1B70C63F00A30C9F /* libdfg-gameplay-mac.a */;
			productType = "com.apple.product-type.library.static";
		};
		EB9F80F41AAB21BC00839018 /* dfg-gameplay-ios */ = {
			isa = PBXNativeTarget;
			buildConfigurationList = EB9F810B1AAB21BD00839018 /* Build configuration list for PBXNativeTarget "dfg-gameplay-ios" */;
			buildPhases = (
				EB9F80F11AAB21BC00839018 /* Sources */,
				EB9F80F21AAB21BC00839018 /* Frameworks */,
				EB9F80F31AAB21BC00839018 /* CopyFiles */,
			);
			buildRules = (
			);
			dependencies = (
			);
			name = "dfg-gameplay-ios";
			productName = "dfg-gameplay-ios";
			productReference = EB9F80F51AAB21BD00839018 /* libdfg-gameplay-ios.a */;
			productType = "com.apple.product-type.library.static";
		};
/* End PBXNativeTarget section */

/* Begin PBXProject section */
		EB9F80EB1AAB211E00839018 /* Project object */ = {
			isa = PBXProject;
			attributes = {
				LastUpgradeCheck = 0610;
				TargetAttributes = {
					EB9F80F41AAB21BC00839018 = {
						CreatedOnToolsVersion = 6.1;
					};
				};
			};
			buildConfigurationList = EB9F80EE1AAB211E00839018 /* Build configuration list for PBXProject "dfg-gameplay" */;
			compatibilityVersion = "Xcode 3.2";
			developmentRegion = English;
			hasScannedForEncodings = 0;
			knownRegions = (
				en,
			);
			mainGroup = EB9F80EA1AAB211E00839018;
			productRefGroup = EB9F80F61AAB21BD00839018 /* Products */;
			projectDirPath = "";
			projectRoot = "";
			targets = (
				EB9F80F41AAB21BC00839018 /* dfg-gameplay-ios */,
				EB79912E1B70C63F00A30C9F /* dfg-gameplay-mac */,
			);
		};
/* End PBXProject section */

/* Begin PBXSourcesBuildPhase section */
		EB79912F1B70C63F00A30C9F /* Sources */ = {
			isa = PBXSourcesBuildPhase;
			buildActionMask = 2147483647;
			files = (
				EB7991301B70C63F00A30C9F /* debug_service.cpp in Sources */,
				EB7991311B70C63F00A30C9F /* httprequest_service.cpp in Sources */,
				EB7991321B70C63F00A30C9F /* singleton.cpp in Sources */,
				EB7991331B70C63F00A30C9F /* service_manager.cpp in Sources */,
				EB7991341B70C63F00A30C9F /* particle_system.cpp in Sources */,
				EB7991351B70C63F00A30C9F /* render_service.cpp in Sources */,
				EB7991361B70C63F00A30C9F /* asset.cpp in Sources */,
				EB7991371B70C63F00A30C9F /* utils.cpp in Sources */,
				EB7991381B70C63F00A30C9F /* zip_packages.cpp in Sources */,
				EB4F765B1DC3D7D4001139D4 /* game_advanced.cpp in Sources */,
				EB7991391B70C63F00A30C9F /* main.cpp in Sources */,
				EB7790281B75147500E1DDB2 /* expanded_tab.cpp in Sources */,
				EB79913A1B70C63F00A30C9F /* storefront_service.cpp in Sources */,
				EB79913B1B70C63F00A30C9F /* memory_stream.cpp in Sources */,
				EB79913C1B70C63F00A30C9F /* input_service.cpp in Sources */,
				EB79913D1B70C63F00A30C9F /* dictionary.cpp in Sources */,
				EB79913E1B70C63F00A30C9F /* profiler.cpp in Sources */,
				EB79913F1B70C63F00A30C9F /* gameplay_assets.cpp in Sources */,
				EBC5B34C1B77C8FE008076C1 /* control_event_handler.cpp in Sources */,
				EB7991401B70C63F00A30C9F /* tracker_service.cpp in Sources */,
				EB7991411B70C63F00A30C9F /* taskqueue_service.cpp in Sources */,
				EB7991421B70C63F00A30C9F /* zip_stream.cpp in Sources */,
				EB1E5E3F1BB2C8E5007A8C9E /* taskscheduler_service.cpp in Sources */,
				EB7991431B70C63F00A30C9F /* service.cpp in Sources */,
				EB7790261B75147500E1DDB2 /* dial_button.cpp in Sources */,
				EB30DDF21C493ECF00B01597 /* clip_label.cpp in Sources */,
				EB7991451B70C63F00A30C9F /* social_service.cpp in Sources */,
				EB4A5F351C6536FD00C8E4CE /* http_image_control.cpp in Sources */,
				EB7991461B70C63F00A30C9F /* pch.cpp in Sources */,
				EBC66C9D1C3B1E2F006AABBA /* carousel.cpp in Sources */,
			);
			runOnlyForDeploymentPostprocessing = 0;
		};
		EB9F80F11AAB21BC00839018 /* Sources */ = {
			isa = PBXSourcesBuildPhase;
			buildActionMask = 2147483647;
			files = (
				EBFD5F732D6DB4C800D28100 /* run_on_change.cpp in Sources */,
				EB9F814F1AAB25CD00839018 /* debug_service.cpp in Sources */,
				EBD4BEDE1B45A0C0001AA0D6 /* httprequest_service.cpp in Sources */,
				EB9F81581AAB25CD00839018 /* singleton.cpp in Sources */,
				EB9F81531AAB25CD00839018 /* service_manager.cpp in Sources */,
				EB9F814E1AAB25CD00839018 /* particle_system.cpp in Sources */,
				EB9F81511AAB25CD00839018 /* render_service.cpp in Sources */,
				EB9F81461AAB25CD00839018 /* asset.cpp in Sources */,
				EB9F81591AAB25CD00839018 /* utils.cpp in Sources */,
				EB9F814B1AAB25CD00839018 /* zip_packages.cpp in Sources */,
				EB4F764E1DC3D766001139D4 /* game_advanced.cpp in Sources */,
				EB9F814D1AAB25CD00839018 /* main.cpp in Sources */,
				EB7790271B75147500E1DDB2 /* expanded_tab.cpp in Sources */,
				EB9F81551AAB25CD00839018 /* storefront_service.cpp in Sources */,
				EB9F81491AAB25CD00839018 /* memory_stream.cpp in Sources */,
				EB9F81501AAB25CD00839018 /* input_service.cpp in Sources */,
				EB9F81471AAB25CD00839018 /* dictionary.cpp in Sources */,
				EB53B66F1EE054BF009C89CB /* entity_manager.cpp in Sources */,
				EBF71FB81F8385890059FA9F /* idb_stream.cpp in Sources */,
				EB22EE251DCA21A3001E5328 /* slide_menu.cpp in Sources */,
				EB7D1E0F1DC4DA400051B0F6 /* iRate.m in Sources */,
				EB9F81571AAB25CD00839018 /* profiler.cpp in Sources */,
				EB4F765A1DC3D7AE001139D4 /* variant.cpp in Sources */,
				EB54ED6B1E1A518000ADBB86 /* socket_stream.cpp in Sources */,
				EB53B6701EE054BF009C89CB /* entity.cpp in Sources */,
				EB9F81481AAB25CD00839018 /* gameplay_assets.cpp in Sources */,
				EBC5B34B1B77C8FE008076C1 /* control_event_handler.cpp in Sources */,
				EB9F81561AAB25CD00839018 /* tracker_service.cpp in Sources */,
				EBD4BEDF1B45A0C0001AA0D6 /* taskqueue_service.cpp in Sources */,
				EB9F814C1AAB25CD00839018 /* zip_stream.cpp in Sources */,
				EB1E5E3E1BB2C8E5007A8C9E /* taskscheduler_service.cpp in Sources */,
				EB9F81521AAB25CD00839018 /* service.cpp in Sources */,
				EB7790251B75147500E1DDB2 /* dial_button.cpp in Sources */,
				EB30DDF11C493ECF00B01597 /* clip_label.cpp in Sources */,
				EB4F76591DC3D7AE001139D4 /* settings.cpp in Sources */,
				EB9F81541AAB25CD00839018 /* social_service.cpp in Sources */,
				EB4A5F341C6536FD00C8E4CE /* http_image_control.cpp in Sources */,
				EB9F81111AAB21EE00839018 /* pch.cpp in Sources */,
				EB4F76581DC3D7AE001139D4 /* archive.cpp in Sources */,
				EBC66C9C1C3B1E2F006AABBA /* carousel.cpp in Sources */,
			);
			runOnlyForDeploymentPostprocessing = 0;
		};
/* End PBXSourcesBuildPhase section */

/* Begin XCBuildConfiguration section */
		EB79914A1B70C63F00A30C9F /* Debug */ = {
			isa = XCBuildConfiguration;
			buildSettings = {
				CLANG_CXX_LANGUAGE_STANDARD = "gnu++0x";
				CLANG_CXX_LIBRARY = "libc++";
				CLANG_ENABLE_MODULES = YES;
				CLANG_ENABLE_OBJC_ARC = YES;
				CLANG_WARN_BOOL_CONVERSION = YES;
				CLANG_WARN_CONSTANT_CONVERSION = YES;
				CLANG_WARN_DIRECT_OBJC_ISA_USAGE = YES_ERROR;
				CLANG_WARN_EMPTY_BODY = YES;
				CLANG_WARN_ENUM_CONVERSION = YES;
				CLANG_WARN_INT_CONVERSION = YES;
				CLANG_WARN_OBJC_ROOT_CLASS = YES_ERROR;
				CLANG_WARN_UNREACHABLE_CODE = YES;
				CLANG_WARN__DUPLICATE_METHOD_MATCH = YES;
				COPY_PHASE_STRIP = NO;
				ENABLE_STRICT_OBJC_MSGSEND = YES;
				GCC_C_LANGUAGE_STANDARD = gnu99;
				GCC_DYNAMIC_NO_PIC = NO;
				GCC_OPTIMIZATION_LEVEL = 0;
				GCC_PREPROCESSOR_DEFINITIONS = (
					"DEBUG=1",
					"$(inherited)",
				);
				GCC_SYMBOLS_PRIVATE_EXTERN = NO;
				GCC_WARN_64_TO_32_BIT_CONVERSION = YES;
				GCC_WARN_ABOUT_RETURN_TYPE = YES_ERROR;
				GCC_WARN_UNDECLARED_SELECTOR = YES;
				GCC_WARN_UNINITIALIZED_AUTOS = YES_AGGRESSIVE;
				GCC_WARN_UNUSED_FUNCTION = YES;
				GCC_WARN_UNUSED_VARIABLE = YES;
				MTL_ENABLE_DEBUG_INFO = YES;
				ONLY_ACTIVE_ARCH = YES;
				PRODUCT_NAME = "dfg-gameplay-mac";
				SDKROOT = macosx;
				SKIP_INSTALL = YES;
			};
			name = Debug;
		};
		EB79914B1B70C63F00A30C9F /* Release */ = {
			isa = XCBuildConfiguration;
			buildSettings = {
				CLANG_CXX_LANGUAGE_STANDARD = "gnu++0x";
				CLANG_CXX_LIBRARY = "libc++";
				CLANG_ENABLE_MODULES = YES;
				CLANG_ENABLE_OBJC_ARC = YES;
				CLANG_WARN_BOOL_CONVERSION = YES;
				CLANG_WARN_CONSTANT_CONVERSION = YES;
				CLANG_WARN_DIRECT_OBJC_ISA_USAGE = YES_ERROR;
				CLANG_WARN_EMPTY_BODY = YES;
				CLANG_WARN_ENUM_CONVERSION = YES;
				CLANG_WARN_INT_CONVERSION = YES;
				CLANG_WARN_OBJC_ROOT_CLASS = YES_ERROR;
				CLANG_WARN_UNREACHABLE_CODE = YES;
				CLANG_WARN__DUPLICATE_METHOD_MATCH = YES;
				COPY_PHASE_STRIP = YES;
				ENABLE_NS_ASSERTIONS = NO;
				ENABLE_STRICT_OBJC_MSGSEND = YES;
				GCC_C_LANGUAGE_STANDARD = gnu99;
				GCC_WARN_64_TO_32_BIT_CONVERSION = YES;
				GCC_WARN_ABOUT_RETURN_TYPE = YES_ERROR;
				GCC_WARN_UNDECLARED_SELECTOR = YES;
				GCC_WARN_UNINITIALIZED_AUTOS = YES_AGGRESSIVE;
				GCC_WARN_UNUSED_FUNCTION = YES;
				GCC_WARN_UNUSED_VARIABLE = YES;
				MTL_ENABLE_DEBUG_INFO = NO;
				PRODUCT_NAME = "dfg-gameplay-mac";
				SDKROOT = macosx;
				SKIP_INSTALL = YES;
				VALIDATE_PRODUCT = YES;
			};
			name = Release;
		};
		EB9F80EF1AAB211E00839018 /* Debug */ = {
			isa = XCBuildConfiguration;
			buildSettings = {
				ALWAYS_SEARCH_USER_PATHS = NO;
				CLANG_CXX_LANGUAGE_STANDARD = "c++20";
				GAMEPLAY_PATH = ../../../../GamePlay;
				HEADER_SEARCH_PATHS = (
					"$(inherited)",
					/Applications/Xcode.app/Contents/Developer/Toolchains/XcodeDefault.xctoolchain/usr/include,
					"$(GAMEPLAY_PATH)/gameplay/src",
					"$(GAMEPLAY_PATH)/external-deps/include",
					../,
					../base,
				);
				IPHONEOS_DEPLOYMENT_TARGET = 12.0;
				MACOSX_DEPLOYMENT_TARGET = 10.7;
				OTHER_CFLAGS = "-Wno-logical-op-parentheses";
				TARGETED_DEVICE_FAMILY = "1,2";
			};
			name = Debug;
		};
		EB9F80F01AAB211E00839018 /* Release */ = {
			isa = XCBuildConfiguration;
			buildSettings = {
				ALWAYS_SEARCH_USER_PATHS = NO;
				CLANG_CXX_LANGUAGE_STANDARD = "c++20";
				GAMEPLAY_PATH = ../../../../GamePlay;
				HEADER_SEARCH_PATHS = (
					"$(inherited)",
					/Applications/Xcode.app/Contents/Developer/Toolchains/XcodeDefault.xctoolchain/usr/include,
					"$(GAMEPLAY_PATH)/gameplay/src",
					"$(GAMEPLAY_PATH)/external-deps/include",
					../,
					../base,
				);
				IPHONEOS_DEPLOYMENT_TARGET = 12.0;
				MACOSX_DEPLOYMENT_TARGET = 10.7;
				OTHER_CFLAGS = "-Wno-logical-op-parentheses";
				TARGETED_DEVICE_FAMILY = "1,2";
			};
			name = Release;
		};
		EB9F81071AAB21BD00839018 /* Debug */ = {
			isa = XCBuildConfiguration;
			buildSettings = {
				CLANG_ENABLE_MODULES = YES;
				CLANG_WARN_BOOL_CONVERSION = YES;
				CLANG_WARN_CONSTANT_CONVERSION = YES;
				CLANG_WARN_DIRECT_OBJC_ISA_USAGE = YES_ERROR;
				CLANG_WARN_EMPTY_BODY = YES;
				CLANG_WARN_ENUM_CONVERSION = YES;
				CLANG_WARN_INT_CONVERSION = YES;
				CLANG_WARN_OBJC_ROOT_CLASS = YES_ERROR;
				CLANG_WARN_UNREACHABLE_CODE = YES;
				CLANG_WARN__DUPLICATE_METHOD_MATCH = YES;
				COPY_PHASE_STRIP = NO;
				ENABLE_STRICT_OBJC_MSGSEND = YES;
				GCC_DYNAMIC_NO_PIC = NO;
				GCC_OPTIMIZATION_LEVEL = 0;
				GCC_PREPROCESSOR_DEFINITIONS = (
					"DEBUG=1",
					"$(inherited)",
				);
				GCC_SYMBOLS_PRIVATE_EXTERN = NO;
				GCC_WARN_64_TO_32_BIT_CONVERSION = YES;
				GCC_WARN_ABOUT_RETURN_TYPE = YES_ERROR;
				GCC_WARN_UNDECLARED_SELECTOR = YES;
				GCC_WARN_UNINITIALIZED_AUTOS = YES_AGGRESSIVE;
				GCC_WARN_UNUSED_FUNCTION = YES;
				GCC_WARN_UNUSED_VARIABLE = YES;
				MTL_ENABLE_DEBUG_INFO = YES;
				ONLY_ACTIVE_ARCH = YES;
				PRODUCT_NAME = "$(TARGET_NAME)";
				SDKROOT = iphoneos;
				SKIP_INSTALL = YES;
				VALID_ARCHS = arm64;
			};
			name = Debug;
		};
		EB9F81081AAB21BD00839018 /* Release */ = {
			isa = XCBuildConfiguration;
			buildSettings = {
				CLANG_ENABLE_MODULES = YES;
				CLANG_WARN_BOOL_CONVERSION = YES;
				CLANG_WARN_CONSTANT_CONVERSION = YES;
				CLANG_WARN_DIRECT_OBJC_ISA_USAGE = YES_ERROR;
				CLANG_WARN_EMPTY_BODY = YES;
				CLANG_WARN_ENUM_CONVERSION = YES;
				CLANG_WARN_INT_CONVERSION = YES;
				CLANG_WARN_OBJC_ROOT_CLASS = YES_ERROR;
				CLANG_WARN_UNREACHABLE_CODE = YES;
				CLANG_WARN__DUPLICATE_METHOD_MATCH = YES;
				COPY_PHASE_STRIP = YES;
				ENABLE_NS_ASSERTIONS = NO;
				ENABLE_STRICT_OBJC_MSGSEND = YES;
				GCC_WARN_64_TO_32_BIT_CONVERSION = YES;
				GCC_WARN_ABOUT_RETURN_TYPE = YES_ERROR;
				GCC_WARN_UNDECLARED_SELECTOR = YES;
				GCC_WARN_UNINITIALIZED_AUTOS = YES_AGGRESSIVE;
				GCC_WARN_UNUSED_FUNCTION = YES;
				GCC_WARN_UNUSED_VARIABLE = YES;
				MTL_ENABLE_DEBUG_INFO = NO;
				PRODUCT_NAME = "$(TARGET_NAME)";
				SDKROOT = iphoneos;
				SKIP_INSTALL = YES;
				VALIDATE_PRODUCT = YES;
				VALID_ARCHS = arm64;
			};
			name = Release;
		};
/* End XCBuildConfiguration section */

/* Begin XCConfigurationList section */
		EB7991491B70C63F00A30C9F /* Build configuration list for PBXNativeTarget "dfg-gameplay-mac" */ = {
			isa = XCConfigurationList;
			buildConfigurations = (
				EB79914A1B70C63F00A30C9F /* Debug */,
				EB79914B1B70C63F00A30C9F /* Release */,
			);
			defaultConfigurationIsVisible = 0;
			defaultConfigurationName = Release;
		};
		EB9F80EE1AAB211E00839018 /* Build configuration list for PBXProject "dfg-gameplay" */ = {
			isa = XCConfigurationList;
			buildConfigurations = (
				EB9F80EF1AAB211E00839018 /* Debug */,
				EB9F80F01AAB211E00839018 /* Release */,
			);
			defaultConfigurationIsVisible = 0;
			defaultConfigurationName = Release;
		};
		EB9F810B1AAB21BD00839018 /* Build configuration list for PBXNativeTarget "dfg-gameplay-ios" */ = {
			isa = XCConfigurationList;
			buildConfigurations = (
				EB9F81071AAB21BD00839018 /* Debug */,
				EB9F81081AAB21BD00839018 /* Release */,
			);
			defaultConfigurationIsVisible = 0;
			defaultConfigurationName = Release;
		};
/* End XCConfigurationList section */
	};
	rootObject = EB9F80EB1AAB211E00839018 /* Project object */;
}
