<?xml version="1.0" encoding="utf-8"?>
<Project ToolsVersion="4.0" xmlns="http://schemas.microsoft.com/developer/msbuild/2003">
  <ItemGroup>
    <ClCompile Include="..\pch.cpp" />
    <ClCompile Include="..\base\services\debug_service.cpp">
      <Filter>base\services</Filter>
    </ClCompile>
    <ClCompile Include="..\base\services\input_service.cpp">
      <Filter>base\services</Filter>
    </ClCompile>
    <ClCompile Include="..\base\services\render_service.cpp">
      <Filter>base\services</Filter>
    </ClCompile>
    <ClCompile Include="..\base\services\service.cpp">
      <Filter>base\services</Filter>
    </ClCompile>
    <ClCompile Include="..\base\services\service_manager.cpp">
      <Filter>base\services</Filter>
    </ClCompile>
    <ClCompile Include="..\base\services\social_service.cpp">
      <Filter>base\services</Filter>
    </ClCompile>
    <ClCompile Include="..\base\services\storefront_service.cpp">
      <Filter>base\services</Filter>
    </ClCompile>
    <ClCompile Include="..\base\services\tracker_service.cpp">
      <Filter>base\services</Filter>
    </ClCompile>
    <ClCompile Include="..\base\main.cpp">
      <Filter>base</Filter>
    </ClCompile>
    <ClCompile Include="..\base\utils\profiler.cpp">
      <Filter>base\utils</Filter>
    </ClCompile>
    <ClCompile Include="..\base\utils\singleton.cpp">
      <Filter>base\utils</Filter>
    </ClCompile>
    <ClCompile Include="..\base\utils\utils.cpp">
      <Filter>base\utils</Filter>
    </ClCompile>
    <ClCompile Include="..\base\render\particle_system.cpp">
      <Filter>base\render</Filter>
    </ClCompile>
    <ClCompile Include="..\base\main\asset.cpp">
      <Filter>base\main</Filter>
    </ClCompile>
    <ClCompile Include="..\base\main\dictionary.cpp">
      <Filter>base\main</Filter>
    </ClCompile>
    <ClCompile Include="..\base\main\gameplay_assets.cpp">
      <Filter>base\main</Filter>
    </ClCompile>
    <ClCompile Include="..\base\main\memory_stream.cpp">
      <Filter>base\main</Filter>
    </ClCompile>
    <ClCompile Include="..\base\main\zip_packages.cpp">
      <Filter>base\main</Filter>
    </ClCompile>
    <ClCompile Include="..\base\main\zip_stream.cpp">
      <Filter>base\main</Filter>
    </ClCompile>
    <ClCompile Include="..\base\services\taskqueue_service.cpp">
      <Filter>base\services</Filter>
    </ClCompile>
    <ClCompile Include="..\base\services\httprequest_service.cpp">
      <Filter>base\services</Filter>
    </ClCompile>
    <ClCompile Include="..\base\ui\dial_button.cpp">
      <Filter>base\ui</Filter>
    </ClCompile>
    <ClCompile Include="..\base\ui\expanded_tab.cpp">
      <Filter>base\ui</Filter>
    </ClCompile>
    <ClCompile Include="..\base\ui\control_event_handler.cpp">
      <Filter>base\ui</Filter>
    </ClCompile>
    <ClCompile Include="..\base\services\taskscheduler_service.cpp">
      <Filter>base\services</Filter>
    </ClCompile>
    <ClCompile Include="..\base\ui\carousel.cpp">
      <Filter>base\ui</Filter>
    </ClCompile>
    <ClCompile Include="..\base\ui\clip_label.cpp">
      <Filter>base\ui</Filter>
    </ClCompile>
    <ClCompile Include="..\base\ui\http_image_control.cpp">
      <Filter>base\ui</Filter>
    </ClCompile>
    <ClCompile Include="..\base\main\archive.cpp">
      <Filter>base\main</Filter>
    </ClCompile>
    <ClCompile Include="..\base\main\variant.cpp">
      <Filter>base\main</Filter>
    </ClCompile>
    <ClCompile Include="..\base\game_advanced.cpp">
      <Filter>base</Filter>
    </ClCompile>
    <ClCompile Include="..\base\main\settings.cpp">
      <Filter>base\main</Filter>
    </ClCompile>
    <ClCompile Include="..\base\ui\slide_menu.cpp">
      <Filter>base\ui</Filter>
    </ClCompile>
    <ClCompile Include="..\base\main\socket_stream.cpp">
      <Filter>base\main</Filter>
    </ClCompile>
    <ClCompile Include="..\base\entity\entity.cpp">
      <Filter>base\entity</Filter>
    </ClCompile>
    <ClCompile Include="..\base\entity\entity_manager.cpp">
      <Filter>base\entity</Filter>
    </ClCompile>
    <ClCompile Include="..\base\main\idb_stream.cpp">
      <Filter>base\main</Filter>
    </ClCompile>
    <ClCompile Include="..\base\utils\run_on_change.cpp">
      <Filter>base\utils</Filter>
    </ClCompile>
    <ClCompile Include="..\base\ui\ui_utils.cpp">
      <Filter>base\ui</Filter>
    </ClCompile>
    <ClCompile Include="..\base\services\ad_service.cpp">
      <Filter>base\services</Filter>
    </ClCompile>
    <ClCompile Include="..\base\ads\android_ad_provider.cpp">
      <Filter>base\ads</Filter>
    </ClCompile>
    <ClCompile Include="..\base\ads\android_ad_callbacks.cpp">
      <Filter>base\ads</Filter>
    </ClCompile>
  </ItemGroup>
  <ItemGroup>
    <ClInclude Include="..\pch.h" />
    <ClInclude Include="..\base\services\debug_service.h">
      <Filter>base\services</Filter>
    </ClInclude>
    <ClInclude Include="..\base\services\input_service.h">
      <Filter>base\services</Filter>
    </ClInclude>
    <ClInclude Include="..\base\services\render_service.h">
      <Filter>base\services</Filter>
    </ClInclude>
    <ClInclude Include="..\base\services\service.h">
      <Filter>base\services</Filter>
    </ClInclude>
    <ClInclude Include="..\base\services\service_manager.h">
      <Filter>base\services</Filter>
    </ClInclude>
    <ClInclude Include="..\base\services\signals.h">
      <Filter>base\services</Filter>
    </ClInclude>
    <ClInclude Include="..\base\services\social_service.h">
      <Filter>base\services</Filter>
    </ClInclude>
    <ClInclude Include="..\base\services\storefront_service.h">
      <Filter>base\services</Filter>
    </ClInclude>
    <ClInclude Include="..\base\services\tracker_service.h">
      <Filter>base\services</Filter>
    </ClInclude>
    <ClInclude Include="..\base\main.h">
      <Filter>base</Filter>
    </ClInclude>
    <ClInclude Include="..\base\utils\curve.h">
      <Filter>base\utils</Filter>
    </ClInclude>
    <ClInclude Include="..\base\utils\noncopyable.h">
      <Filter>base\utils</Filter>
    </ClInclude>
    <ClInclude Include="..\base\utils\priority_signal.h">
      <Filter>base\utils</Filter>
    </ClInclude>
    <ClInclude Include="..\base\utils\profiler.h">
      <Filter>base\utils</Filter>
    </ClInclude>
    <ClInclude Include="..\base\utils\ref_ptr.h">
      <Filter>base\utils</Filter>
    </ClInclude>
    <ClInclude Include="..\base\utils\singleton.h">
      <Filter>base\utils</Filter>
    </ClInclude>
    <ClInclude Include="..\base\utils\utils.h">
      <Filter>base\utils</Filter>
    </ClInclude>
    <ClInclude Include="..\base\render\particle_system.h">
      <Filter>base\render</Filter>
    </ClInclude>
    <ClInclude Include="..\base\main\asset.h">
      <Filter>base\main</Filter>
    </ClInclude>
    <ClInclude Include="..\base\main\cache.h">
      <Filter>base\main</Filter>
    </ClInclude>
    <ClInclude Include="..\base\main\dictionary.h">
      <Filter>base\main</Filter>
    </ClInclude>
    <ClInclude Include="..\base\main\gameplay_assets.h">
      <Filter>base\main</Filter>
    </ClInclude>
    <ClInclude Include="..\base\main\memory_stream.h">
      <Filter>base\main</Filter>
    </ClInclude>
    <ClInclude Include="..\dfg_include.h" />
    <ClInclude Include="..\base\main\zip_packages.h">
      <Filter>base\main</Filter>
    </ClInclude>
    <ClInclude Include="..\base\main\zip_stream.h">
      <Filter>base\main</Filter>
    </ClInclude>
    <ClInclude Include="..\base\services\taskqueue_service.h">
      <Filter>base\services</Filter>
    </ClInclude>
    <ClInclude Include="..\base\services\httprequest_service.h">
      <Filter>base\services</Filter>
    </ClInclude>
    <ClInclude Include="..\base\ui\dial_button.h">
      <Filter>base\ui</Filter>
    </ClInclude>
    <ClInclude Include="..\base\ui\expanded_tab.h">
      <Filter>base\ui</Filter>
    </ClInclude>
    <ClInclude Include="..\base\ui\control_event_handler.h">
      <Filter>base\ui</Filter>
    </ClInclude>
    <ClInclude Include="..\base\services\taskscheduler_service.h">
      <Filter>base\services</Filter>
    </ClInclude>
    <ClInclude Include="..\base\utils\utf8.h">
      <Filter>base\utils</Filter>
    </ClInclude>
    <ClInclude Include="..\base\utils\utf8\checked.h">
      <Filter>base\utils\utf8</Filter>
    </ClInclude>
    <ClInclude Include="..\base\utils\utf8\core.h">
      <Filter>base\utils\utf8</Filter>
    </ClInclude>
    <ClInclude Include="..\base\utils\utf8\unchecked.h">
      <Filter>base\utils\utf8</Filter>
    </ClInclude>
    <ClInclude Include="..\base\ui\carousel.h">
      <Filter>base\ui</Filter>
    </ClInclude>
    <ClInclude Include="..\base\ui\clip_label.h">
      <Filter>base\ui</Filter>
    </ClInclude>
    <ClInclude Include="..\base\ui\http_image_control.h">
      <Filter>base\ui</Filter>
    </ClInclude>
    <ClInclude Include="..\base\main\archive.h">
      <Filter>base\main</Filter>
    </ClInclude>
    <ClInclude Include="..\base\main\variant.h">
      <Filter>base\main</Filter>
    </ClInclude>
    <ClInclude Include="..\base\game_advanced.h">
      <Filter>base</Filter>
    </ClInclude>
    <ClInclude Include="..\base\main\settings.h">
      <Filter>base\main</Filter>
    </ClInclude>
    <ClInclude Include="..\base\ui\slide_menu.h">
      <Filter>base\ui</Filter>
    </ClInclude>
    <ClInclude Include="..\base\utils\intrusive_list.h">
      <Filter>base\utils</Filter>
    </ClInclude>
    <ClInclude Include="..\base\main\socket_stream.h">
      <Filter>base\main</Filter>
    </ClInclude>
    <ClInclude Include="..\base\entity\entity.h">
      <Filter>base\entity</Filter>
    </ClInclude>
    <ClInclude Include="..\base\entity\entity_manager.h">
      <Filter>base\entity</Filter>
    </ClInclude>
    <ClInclude Include="..\base\main\idb_stream.h">
      <Filter>base\main</Filter>
    </ClInclude>
    <ClInclude Include="..\base\utils\run_on_change.h">
      <Filter>base\utils</Filter>
    </ClInclude>
    <ClInclude Include="..\base\utils\throttle.h">
      <Filter>base\utils</Filter>
    </ClInclude>
    <ClInclude Include="..\base\ui\ui_utils.h">
      <Filter>base\ui</Filter>
    </ClInclude>
    <ClInclude Include="..\base\ads\ad_provider.h">
      <Filter>base\ads</Filter>
    </ClInclude>
    <ClInclude Include="..\base\services\ad_service.h">
      <Filter>base\services</Filter>
    </ClInclude>
    <ClInclude Include="..\base\ads\android_ad_provider.h">
      <Filter>base\ads</Filter>
    </ClInclude>
  </ItemGroup>
  <ItemGroup>
    <Filter Include="base">
      <UniqueIdentifier>{1eb10606-c297-4bf8-be11-f5ac08fe1d54}</UniqueIdentifier>
    </Filter>
    <Filter Include="base\services">
      <UniqueIdentifier>{54e439cf-32cb-411e-93c5-2e62cca0661d}</UniqueIdentifier>
    </Filter>
    <Filter Include="base\utils">
      <UniqueIdentifier>{73d054e5-2e33-4916-9381-2773ab36776f}</UniqueIdentifier>
    </Filter>
    <Filter Include="base\render">
      <UniqueIdentifier>{45a9035a-629f-4f8c-8efb-651a708a8fce}</UniqueIdentifier>
    </Filter>
    <Filter Include="base\main">
      <UniqueIdentifier>{6e0aaa1b-bbc8-4a0d-b233-365d9ec635f6}</UniqueIdentifier>
    </Filter>
    <Filter Include="base\ui">
      <UniqueIdentifier>{2d1e30e5-aca9-4f2a-850a-4f3d6c430f46}</UniqueIdentifier>
    </Filter>
    <Filter Include="base\utils\utf8">
      <UniqueIdentifier>{2fe09325-4eb7-4458-8e15-6b71d566f93c}</UniqueIdentifier>
    </Filter>
    <Filter Include="base\entity">
      <UniqueIdentifier>{9e6754d9-d624-473b-888d-8e96023fe326}</UniqueIdentifier>
    </Filter>
    <Filter Include="base\ads">
      <UniqueIdentifier>{494901f1-bc0a-414d-9991-b661214fcbcd}</UniqueIdentifier>
    </Filter>
  </ItemGroup>
  <ItemGroup>
    <None Include="..\base\utils\utils.inl">
      <Filter>base\utils</Filter>
    </None>
    <None Include="..\base\main\archive.inl">
      <Filter>base\main</Filter>
    </None>
    <None Include="..\base\main\variant.inl">
      <Filter>base\main</Filter>
    </None>
    <None Include="..\base\main\settings.inl">
      <Filter>base\main</Filter>
    </None>
    <None Include="..\base\ui\slide_menu.inl">
      <Filter>base\ui</Filter>
    </None>
    <None Include="..\base\utils\intrusive_list.inl">
      <Filter>base\utils</Filter>
    </None>
    <None Include="..\base\entity\entity.inl">
      <Filter>base\entity</Filter>
    </None>
    <None Include="..\base\entity\entity_manager.inl">
      <Filter>base\entity</Filter>
    </None>
  </ItemGroup>
</Project>